// !$*UTF8*$!
{
	archiveVersion = 1;
	classes = {
	};
	objectVersion = 77;
	objects = {

/* Begin PBXBuildFile section */
		CD7C5FE72E9BE33100F5659D /* StoreKit.framework in Frameworks */ = {isa = PBXBuildFile; fileRef = CD7C5FE62E9BE33100F5659D /* StoreKit.framework */; };
		CD8B547F2EB0780500ED6782 /* CreditPurchaseManager.swift in Sources */ = {isa = PBXBuildFile; fileRef = CD8B547E2EB0780500ED6782 /* CreditPurchaseManager.swift */; };
		CD8B54812EB0782C00ED6782 /* Store_Plans.storekit in Resources */ = {isa = PBXBuildFile; fileRef = CD8B54802EB0782C00ED6782 /* Store_Plans.storekit */; };
		CDDABD612E04409300FC923F /* LinkedInKeyboardExtension.appex in Embed Foundation Extensions */ = {isa = PBXBuildFile; fileRef = CDDABD5A2E04409300FC923F /* LinkedInKeyboardExtension.appex */; settings = {ATTRIBUTES = (RemoveHeadersOnCopy, ); }; };
		CDDABD752E0440CB00FC923F /* LinkedInShareExtension.appex in Embed Foundation Extensions */ = {isa = PBXBuildFile; fileRef = CDDABD6B2E0440CA00FC923F /* LinkedInShareExtension.appex */; settings = {ATTRIBUTES = (RemoveHeadersOnCopy, ); }; };
		CDDDB2B52E0D9C4300CA0CB8 /* GoogleSignIn in Frameworks */ = {isa = PBXBuildFile; productRef = CDDDB2B42E0D9C4300CA0CB8 /* GoogleSignIn */; };
		CDDDB2B72E0D9C4700CA0CB8 /* GoogleSignInSwift in Frameworks */ = {isa = PBXBuildFile; productRef = CDDDB2B62E0D9C4700CA0CB8 /* GoogleSignInSwift */; };
/* End PBXBuildFile section */

/* Begin PBXContainerItemProxy section */
		CDDABD5F2E04409300FC923F /* PBXContainerItemProxy */ = {
			isa = PBXContainerItemProxy;
			containerPortal = CDDABD3D2E04403B00FC923F /* Project object */;
			proxyType = 1;
			remoteGlobalIDString = CDDABD592E04409300FC923F;
			remoteInfo = LinkedInKeyboardExtension;
		};
		CDDABD732E0440CB00FC923F /* PBXContainerItemProxy */ = {
			isa = PBXContainerItemProxy;
			containerPortal = CDDABD3D2E04403B00FC923F /* Project object */;
			proxyType = 1;
			remoteGlobalIDString = CDDABD6A2E0440CA00FC923F;
			remoteInfo = LinkedInShareExtension;
		};
/* End PBXContainerItemProxy section */

/* Begin PBXCopyFilesBuildPhase section */
		CDDABD662E04409300FC923F /* Embed Foundation Extensions */ = {
			isa = PBXCopyFilesBuildPhase;
			buildActionMask = 2147483647;
			dstPath = "";
			dstSubfolderSpec = 13;
			files = (
				CDDABD752E0440CB00FC923F /* LinkedInShareExtension.appex in Embed Foundation Extensions */,
				CDDABD612E04409300FC923F /* LinkedInKeyboardExtension.appex in Embed Foundation Extensions */,
			);
			name = "Embed Foundation Extensions";
			runOnlyForDeploymentPostprocessing = 0;
		};
/* End PBXCopyFilesBuildPhase section */

/* Begin PBXFileReference section */
		CD7C5FE62E9BE33100F5659D /* StoreKit.framework */ = {isa = PBXFileReference; lastKnownFileType = wrapper.framework; name = StoreKit.framework; path = System/Library/Frameworks/StoreKit.framework; sourceTree = SDKROOT; };
		CD8B547E2EB0780500ED6782 /* CreditPurchaseManager.swift */ = {isa = PBXFileReference; lastKnownFileType = sourcecode.swift; path = CreditPurchaseManager.swift; sourceTree = "<group>"; };
		CD8B54802EB0782C00ED6782 /* Store_Plans.storekit */ = {isa = PBXFileReference; lastKnownFileType = text; path = Store_Plans.storekit; sourceTree = "<group>"; };
		CDDABD452E04403B00FC923F /* LinkedInCompanionApp.app */ = {isa = PBXFileReference; explicitFileType = wrapper.application; includeInIndex = 0; path = LinkedInCompanionApp.app; sourceTree = BUILT_PRODUCTS_DIR; };
		CDDABD5A2E04409300FC923F /* LinkedInKeyboardExtension.appex */ = {isa = PBXFileReference; explicitFileType = "wrapper.app-extension"; includeInIndex = 0; path = LinkedInKeyboardExtension.appex; sourceTree = BUILT_PRODUCTS_DIR; };
		CDDABD6B2E0440CA00FC923F /* LinkedInShareExtension.appex */ = {isa = PBXFileReference; explicitFileType = "wrapper.app-extension"; includeInIndex = 0; path = LinkedInShareExtension.appex; sourceTree = BUILT_PRODUCTS_DIR; };
/* End PBXFileReference section */

/* Begin PBXFileSystemSynchronizedBuildFileExceptionSet section */
		CDDABD622E04409300FC923F /* Exceptions for "LinkedInKeyboardExtension" folder in "LinkedInKeyboardExtension" target */ = {
			isa = PBXFileSystemSynchronizedBuildFileExceptionSet;
			membershipExceptions = (
				Info.plist,
			);
			target = CDDABD592E04409300FC923F /* LinkedInKeyboardExtension */;
		};
		CDDABD762E0440CB00FC923F /* Exceptions for "LinkedInShareExtension" folder in "LinkedInShareExtension" target */ = {
			isa = PBXFileSystemSynchronizedBuildFileExceptionSet;
			membershipExceptions = (
				Info.plist,
			);
			target = CDDABD6A2E0440CA00FC923F /* LinkedInShareExtension */;
		};
		CDDDB2B92E0DA9D100CA0CB8 /* Exceptions for "LinkedInCompanionApp" folder in "LinkedInCompanionApp" target */ = {
			isa = PBXFileSystemSynchronizedBuildFileExceptionSet;
			membershipExceptions = (
				Info.plist,
			);
			target = CDDABD442E04403B00FC923F /* LinkedInCompanionApp */;
		};
/* End PBXFileSystemSynchronizedBuildFileExceptionSet section */

/* Begin PBXFileSystemSynchronizedRootGroup section */
		CDDABD472E04403B00FC923F /* LinkedInCompanionApp */ = {
			isa = PBXFileSystemSynchronizedRootGroup;
			exceptions = (
				CDDDB2B92E0DA9D100CA0CB8 /* Exceptions for "LinkedInCompanionApp" folder in "LinkedInCompanionApp" target */,
			);
			path = LinkedInCompanionApp;
			sourceTree = "<group>";
		};
		CDDABD5B2E04409300FC923F /* LinkedInKeyboardExtension */ = {
			isa = PBXFileSystemSynchronizedRootGroup;
			exceptions = (
				CDDABD622E04409300FC923F /* Exceptions for "LinkedInKeyboardExtension" folder in "LinkedInKeyboardExtension" target */,
			);
			path = LinkedInKeyboardExtension;
			sourceTree = "<group>";
		};
		CDDABD6C2E0440CA00FC923F /* LinkedInShareExtension */ = {
			isa = PBXFileSystemSynchronizedRootGroup;
			exceptions = (
				CDDABD762E0440CB00FC923F /* Exceptions for "LinkedInShareExtension" folder in "LinkedInShareExtension" target */,
			);
			path = LinkedInShareExtension;
			sourceTree = "<group>";
		};
/* End PBXFileSystemSynchronizedRootGroup section */

/* Begin PBXFrameworksBuildPhase section */
		CDDABD422E04403B00FC923F /* Frameworks */ = {
			isa = PBXFrameworksBuildPhase;
			buildActionMask = 2147483647;
			files = (
				CD7C5FE72E9BE33100F5659D /* StoreKit.framework in Frameworks */,
				CDDDB2B52E0D9C4300CA0CB8 /* GoogleSignIn in Frameworks */,
				CDDDB2B72E0D9C4700CA0CB8 /* GoogleSignInSwift in Frameworks */,
			);
			runOnlyForDeploymentPostprocessing = 0;
		};
		CDDABD572E04409300FC923F /* Frameworks */ = {
			isa = PBXFrameworksBuildPhase;
			buildActionMask = 2147483647;
			files = (
			);
			runOnlyForDeploymentPostprocessing = 0;
		};
		CDDABD682E0440CA00FC923F /* Frameworks */ = {
			isa = PBXFrameworksBuildPhase;
			buildActionMask = 2147483647;
			files = (
			);
			runOnlyForDeploymentPostprocessing = 0;
		};
/* End PBXFrameworksBuildPhase section */

/* Begin PBXGroup section */
		CDDABD3C2E04403B00FC923F = {
			isa = PBXGroup;
			children = (
				CD8B54802EB0782C00ED6782 /* Store_Plans.storekit */,
				CD8B547E2EB0780500ED6782 /* CreditPurchaseManager.swift */,
				CDDABD472E04403B00FC923F /* LinkedInCompanionApp */,
				CDDABD5B2E04409300FC923F /* LinkedInKeyboardExtension */,
				CDDABD6C2E0440CA00FC923F /* LinkedInShareExtension */,
				CDDDB2B32E0D9C4300CA0CB8 /* Frameworks */,
				CDDABD462E04403B00FC923F /* Products */,
			);
			sourceTree = "<group>";
		};
		CDDABD462E04403B00FC923F /* Products */ = {
			isa = PBXGroup;
			children = (
				CDDABD452E04403B00FC923F /* LinkedInCompanionApp.app */,
				CDDABD5A2E04409300FC923F /* LinkedInKeyboardExtension.appex */,
				CDDABD6B2E0440CA00FC923F /* LinkedInShareExtension.appex */,
			);
			name = Products;
			sourceTree = "<group>";
		};
		CDDDB2B32E0D9C4300CA0CB8 /* Frameworks */ = {
			isa = PBXGroup;
			children = (
				CD7C5FE62E9BE33100F5659D /* StoreKit.framework */,
			);
			name = Frameworks;
			sourceTree = "<group>";
		};
/* End PBXGroup section */

/* Begin PBXNativeTarget section */
		CDDABD442E04403B00FC923F /* LinkedInCompanionApp */ = {
			isa = PBXNativeTarget;
			buildConfigurationList = CDDABD532E04403C00FC923F /* Build configuration list for PBXNativeTarget "LinkedInCompanionApp" */;
			buildPhases = (
				CDDABD412E04403B00FC923F /* Sources */,
				CDDABD422E04403B00FC923F /* Frameworks */,
				CDDABD432E04403B00FC923F /* Resources */,
				CDDABD662E04409300FC923F /* Embed Foundation Extensions */,
			);
			buildRules = (
			);
			dependencies = (
				CDDABD602E04409300FC923F /* PBXTargetDependency */,
				CDDABD742E0440CB00FC923F /* PBXTargetDependency */,
			);
			fileSystemSynchronizedGroups = (
				CDDABD472E04403B00FC923F /* LinkedInCompanionApp */,
			);
			name = LinkedInCompanionApp;
			packageProductDependencies = (
				CDDDB2B42E0D9C4300CA0CB8 /* GoogleSignIn */,
				CDDDB2B62E0D9C4700CA0CB8 /* GoogleSignInSwift */,
			);
			productName = LinkedInCompanionApp;
			productReference = CDDABD452E04403B00FC923F /* LinkedInCompanionApp.app */;
			productType = "com.apple.product-type.application";
		};
		CDDABD592E04409300FC923F /* LinkedInKeyboardExtension */ = {
			isa = PBXNativeTarget;
			buildConfigurationList = CDDABD632E04409300FC923F /* Build configuration list for PBXNativeTarget "LinkedInKeyboardExtension" */;
			buildPhases = (
				CDDABD562E04409300FC923F /* Sources */,
				CDDABD572E04409300FC923F /* Frameworks */,
				CDDABD582E04409300FC923F /* Resources */,
			);
			buildRules = (
			);
			dependencies = (
			);
			fileSystemSynchronizedGroups = (
				CDDABD5B2E04409300FC923F /* LinkedInKeyboardExtension */,
			);
			name = LinkedInKeyboardExtension;
			packageProductDependencies = (
			);
			productName = LinkedInKeyboardExtension;
			productReference = CDDABD5A2E04409300FC923F /* LinkedInKeyboardExtension.appex */;
			productType = "com.apple.product-type.app-extension";
		};
		CDDABD6A2E0440CA00FC923F /* LinkedInShareExtension */ = {
			isa = PBXNativeTarget;
			buildConfigurationList = CDDABD772E0440CB00FC923F /* Build configuration list for PBXNativeTarget "LinkedInShareExtension" */;
			buildPhases = (
				CDDABD672E0440CA00FC923F /* Sources */,
				CDDABD682E0440CA00FC923F /* Frameworks */,
				CDDABD692E0440CA00FC923F /* Resources */,
			);
			buildRules = (
			);
			dependencies = (
			);
			fileSystemSynchronizedGroups = (
				CDDABD6C2E0440CA00FC923F /* LinkedInShareExtension */,
			);
			name = LinkedInShareExtension;
			packageProductDependencies = (
			);
			productName = LinkedInShareExtension;
			productReference = CDDABD6B2E0440CA00FC923F /* LinkedInShareExtension.appex */;
			productType = "com.apple.product-type.app-extension";
		};
/* End PBXNativeTarget section */

/* Begin PBXProject section */
		CDDABD3D2E04403B00FC923F /* Project object */ = {
			isa = PBXProject;
			attributes = {
				BuildIndependentTargetsInParallel = 1;
				LastSwiftUpdateCheck = 1620;
				LastUpgradeCheck = 2600;
				TargetAttributes = {
					CDDABD442E04403B00FC923F = {
						CreatedOnToolsVersion = 16.2;
					};
					CDDABD592E04409300FC923F = {
						CreatedOnToolsVersion = 16.2;
					};
					CDDABD6A2E0440CA00FC923F = {
						CreatedOnToolsVersion = 16.2;
					};
				};
			};
			buildConfigurationList = CDDABD402E04403B00FC923F /* Build configuration list for PBXProject "LinkedInCompanionApp" */;
			developmentRegion = en;
			hasScannedForEncodings = 0;
			knownRegions = (
				en,
				Base,
			);
			mainGroup = CDDABD3C2E04403B00FC923F;
			minimizedProjectReferenceProxies = 1;
			packageReferences = (
				CDDDB2B22E0D9C3A00CA0CB8 /* XCRemoteSwiftPackageReference "GoogleSignIn-iOS" */,
			);
			preferredProjectObjectVersion = 77;
			productRefGroup = CDDABD462E04403B00FC923F /* Products */;
			projectDirPath = "";
			projectRoot = "";
			targets = (
				CDDABD442E04403B00FC923F /* LinkedInCompanionApp */,
				CDDABD592E04409300FC923F /* LinkedInKeyboardExtension */,
				CDDABD6A2E0440CA00FC923F /* LinkedInShareExtension */,
			);
		};
/* End PBXProject section */

/* Begin PBXResourcesBuildPhase section */
		CDDABD432E04403B00FC923F /* Resources */ = {
			isa = PBXResourcesBuildPhase;
			buildActionMask = 2147483647;
			files = (
				CD8B54812EB0782C00ED6782 /* Store_Plans.storekit in Resources */,
			);
			runOnlyForDeploymentPostprocessing = 0;
		};
		CDDABD582E04409300FC923F /* Resources */ = {
			isa = PBXResourcesBuildPhase;
			buildActionMask = 2147483647;
			files = (
			);
			runOnlyForDeploymentPostprocessing = 0;
		};
		CDDABD692E0440CA00FC923F /* Resources */ = {
			isa = PBXResourcesBuildPhase;
			buildActionMask = 2147483647;
			files = (
			);
			runOnlyForDeploymentPostprocessing = 0;
		};
/* End PBXResourcesBuildPhase section */

/* Begin PBXSourcesBuildPhase section */
		CDDABD412E04403B00FC923F /* Sources */ = {
			isa = PBXSourcesBuildPhase;
			buildActionMask = 2147483647;
			files = (
				CD8B547F2EB0780500ED6782 /* CreditPurchaseManager.swift in Sources */,
			);
			runOnlyForDeploymentPostprocessing = 0;
		};
		CDDABD562E04409300FC923F /* Sources */ = {
			isa = PBXSourcesBuildPhase;
			buildActionMask = 2147483647;
			files = (
			);
			runOnlyForDeploymentPostprocessing = 0;
		};
		CDDABD672E0440CA00FC923F /* Sources */ = {
			isa = PBXSourcesBuildPhase;
			buildActionMask = 2147483647;
			files = (
			);
			runOnlyForDeploymentPostprocessing = 0;
		};
/* End PBXSourcesBuildPhase section */

/* Begin PBXTargetDependency section */
		CDDABD602E04409300FC923F /* PBXTargetDependency */ = {
			isa = PBXTargetDependency;
			target = CDDABD592E04409300FC923F /* LinkedInKeyboardExtension */;
			targetProxy = CDDABD5F2E04409300FC923F /* PBXContainerItemProxy */;
		};
		CDDABD742E0440CB00FC923F /* PBXTargetDependency */ = {
			isa = PBXTargetDependency;
			target = CDDABD6A2E0440CA00FC923F /* LinkedInShareExtension */;
			targetProxy = CDDABD732E0440CB00FC923F /* PBXContainerItemProxy */;
		};
/* End PBXTargetDependency section */

/* Begin XCBuildConfiguration section */
		CDDABD512E04403C00FC923F /* Debug */ = {
			isa = XCBuildConfiguration;
			buildSettings = {
				ALWAYS_SEARCH_USER_PATHS = NO;
				ASSETCATALOG_COMPILER_GENERATE_SWIFT_ASSET_SYMBOL_EXTENSIONS = YES;
				CLANG_ANALYZER_NONNULL = YES;
				CLANG_ANALYZER_NUMBER_OBJECT_CONVERSION = YES_AGGRESSIVE;
				CLANG_CXX_LANGUAGE_STANDARD = "gnu++20";
				CLANG_ENABLE_MODULES = YES;
				CLANG_ENABLE_OBJC_ARC = YES;
				CLANG_ENABLE_OBJC_WEAK = YES;
				CLANG_WARN_BLOCK_CAPTURE_AUTORELEASING = YES;
				CLANG_WARN_BOOL_CONVERSION = YES;
				CLANG_WARN_COMMA = YES;
				CLANG_WARN_CONSTANT_CONVERSION = YES;
				CLANG_WARN_DEPRECATED_OBJC_IMPLEMENTATIONS = YES;
				CLANG_WARN_DIRECT_OBJC_ISA_USAGE = YES_ERROR;
				CLANG_WARN_DOCUMENTATION_COMMENTS = YES;
				CLANG_WARN_EMPTY_BODY = YES;
				CLANG_WARN_ENUM_CONVERSION = YES;
				CLANG_WARN_INFINITE_RECURSION = YES;
				CLANG_WARN_INT_CONVERSION = YES;
				CLANG_WARN_NON_LITERAL_NULL_CONVERSION = YES;
				CLANG_WARN_OBJC_IMPLICIT_RETAIN_SELF = YES;
				CLANG_WARN_OBJC_LITERAL_CONVERSION = YES;
				CLANG_WARN_OBJC_ROOT_CLASS = YES_ERROR;
				CLANG_WARN_QUOTED_INCLUDE_IN_FRAMEWORK_HEADER = YES;
				CLANG_WARN_RANGE_LOOP_ANALYSIS = YES;
				CLANG_WARN_STRICT_PROTOTYPES = YES;
				CLANG_WARN_SUSPICIOUS_MOVE = YES;
				CLANG_WARN_UNGUARDED_AVAILABILITY = YES_AGGRESSIVE;
				CLANG_WARN_UNREACHABLE_CODE = YES;
				CLANG_WARN__DUPLICATE_METHOD_MATCH = YES;
				COPY_PHASE_STRIP = NO;
				DEBUG_INFORMATION_FORMAT = dwarf;
				DEVELOPMENT_TEAM = 24627D558C;
				ENABLE_STRICT_OBJC_MSGSEND = YES;
				ENABLE_TESTABILITY = YES;
				ENABLE_USER_SCRIPT_SANDBOXING = YES;
				GCC_C_LANGUAGE_STANDARD = gnu17;
				GCC_DYNAMIC_NO_PIC = NO;
				GCC_NO_COMMON_BLOCKS = YES;
				GCC_OPTIMIZATION_LEVEL = 0;
				GCC_PREPROCESSOR_DEFINITIONS = (
					"DEBUG=1",
					"$(inherited)",
				);
				GCC_WARN_64_TO_32_BIT_CONVERSION = YES;
				GCC_WARN_ABOUT_RETURN_TYPE = YES_ERROR;
				GCC_WARN_UNDECLARED_SELECTOR = YES;
				GCC_WARN_UNINITIALIZED_AUTOS = YES_AGGRESSIVE;
				GCC_WARN_UNUSED_FUNCTION = YES;
				GCC_WARN_UNUSED_VARIABLE = YES;
				IPHONEOS_DEPLOYMENT_TARGET = 18.2;
				LOCALIZATION_PREFERS_STRING_CATALOGS = YES;
				MTL_ENABLE_DEBUG_INFO = INCLUDE_SOURCE;
				MTL_FAST_MATH = YES;
				ONLY_ACTIVE_ARCH = YES;
				SDKROOT = iphoneos;
				STRING_CATALOG_GENERATE_SYMBOLS = YES;
				SWIFT_ACTIVE_COMPILATION_CONDITIONS = "DEBUG $(inherited)";
				SWIFT_OPTIMIZATION_LEVEL = "-Onone";
			};
			name = Debug;
		};
		CDDABD522E04403C00FC923F /* Release */ = {
			isa = XCBuildConfiguration;
			buildSettings = {
				ALWAYS_SEARCH_USER_PATHS = NO;
				ASSETCATALOG_COMPILER_GENERATE_SWIFT_ASSET_SYMBOL_EXTENSIONS = YES;
				CLANG_ANALYZER_NONNULL = YES;
				CLANG_ANALYZER_NUMBER_OBJECT_CONVERSION = YES_AGGRESSIVE;
				CLANG_CXX_LANGUAGE_STANDARD = "gnu++20";
				CLANG_ENABLE_MODULES = YES;
				CLANG_ENABLE_OBJC_ARC = YES;
				CLANG_ENABLE_OBJC_WEAK = YES;
				CLANG_WARN_BLOCK_CAPTURE_AUTORELEASING = YES;
				CLANG_WARN_BOOL_CONVERSION = YES;
				CLANG_WARN_COMMA = YES;
				CLANG_WARN_CONSTANT_CONVERSION = YES;
				CLANG_WARN_DEPRECATED_OBJC_IMPLEMENTATIONS = YES;
				CLANG_WARN_DIRECT_OBJC_ISA_USAGE = YES_ERROR;
				CLANG_WARN_DOCUMENTATION_COMMENTS = YES;
				CLANG_WARN_EMPTY_BODY = YES;
				CLANG_WARN_ENUM_CONVERSION = YES;
				CLANG_WARN_INFINITE_RECURSION = YES;
				CLANG_WARN_INT_CONVERSION = YES;
				CLANG_WARN_NON_LITERAL_NULL_CONVERSION = YES;
				CLANG_WARN_OBJC_IMPLICIT_RETAIN_SELF = YES;
				CLANG_WARN_OBJC_LITERAL_CONVERSION = YES;
				CLANG_WARN_OBJC_ROOT_CLASS = YES_ERROR;
				CLANG_WARN_QUOTED_INCLUDE_IN_FRAMEWORK_HEADER = YES;
				CLANG_WARN_RANGE_LOOP_ANALYSIS = YES;
				CLANG_WARN_STRICT_PROTOTYPES = YES;
				CLANG_WARN_SUSPICIOUS_MOVE = YES;
				CLANG_WARN_UNGUARDED_AVAILABILITY = YES_AGGRESSIVE;
				CLANG_WARN_UNREACHABLE_CODE = YES;
				CLANG_WARN__DUPLICATE_METHOD_MATCH = YES;
				COPY_PHASE_STRIP = NO;
				DEBUG_INFORMATION_FORMAT = "dwarf-with-dsym";
				DEVELOPMENT_TEAM = 24627D558C;
				ENABLE_NS_ASSERTIONS = NO;
				ENABLE_STRICT_OBJC_MSGSEND = YES;
				ENABLE_USER_SCRIPT_SANDBOXING = YES;
				GCC_C_LANGUAGE_STANDARD = gnu17;
				GCC_NO_COMMON_BLOCKS = YES;
				GCC_WARN_64_TO_32_BIT_CONVERSION = YES;
				GCC_WARN_ABOUT_RETURN_TYPE = YES_ERROR;
				GCC_WARN_UNDECLARED_SELECTOR = YES;
				GCC_WARN_UNINITIALIZED_AUTOS = YES_AGGRESSIVE;
				GCC_WARN_UNUSED_FUNCTION = YES;
				GCC_WARN_UNUSED_VARIABLE = YES;
				IPHONEOS_DEPLOYMENT_TARGET = 18.2;
				LOCALIZATION_PREFERS_STRING_CATALOGS = YES;
				MTL_ENABLE_DEBUG_INFO = NO;
				MTL_FAST_MATH = YES;
				SDKROOT = iphoneos;
				STRING_CATALOG_GENERATE_SYMBOLS = YES;
				SWIFT_COMPILATION_MODE = wholemodule;
				VALIDATE_PRODUCT = YES;
			};
			name = Release;
		};
		CDDABD542E04403C00FC923F /* Debug */ = {
			isa = XCBuildConfiguration;
			buildSettings = {
				ASSETCATALOG_COMPILER_APPICON_NAME = AppIcon;
				ASSETCATALOG_COMPILER_GLOBAL_ACCENT_COLOR_NAME = AccentColor;
				ASSETCATALOG_COMPILER_INCLUDE_ALL_APPICON_ASSETS = YES;
				CODE_SIGN_ENTITLEMENTS = LinkedInCompanionApp/LinkedInCompanionApp.entitlements;
				CODE_SIGN_STYLE = Automatic;
				CURRENT_PROJECT_VERSION = 1;
				DEVELOPMENT_ASSET_PATHS = "\"LinkedInCompanionApp/Preview Content\"";
				ENABLE_PREVIEWS = YES;
				GENERATE_INFOPLIST_FILE = YES;
				INFOPLIST_FILE = LinkedInCompanionApp/Info.plist;
				INFOPLIST_KEY_CFBundleDisplayName = einsteini;
				INFOPLIST_KEY_NSMicrophoneUsageDescription = "This app does not use the microphone. This notice is required due to third-party libraries.";
				INFOPLIST_KEY_NSSpeechRecognitionUsageDescription = "This app does not use speech recognition. This notice is required due to third-party libraries.";
				INFOPLIST_KEY_UIApplicationSceneManifest_Generation = YES;
				INFOPLIST_KEY_UIApplicationSupportsIndirectInputEvents = YES;
				INFOPLIST_KEY_UILaunchScreen_Generation = YES;
				INFOPLIST_KEY_UISupportedInterfaceOrientations = "UIInterfaceOrientationLandscapeLeft UIInterfaceOrientationLandscapeRight UIInterfaceOrientationPortrait UIInterfaceOrientationPortraitUpsideDown";
				IPHONEOS_DEPLOYMENT_TARGET = 16.6;
				LD_RUNPATH_SEARCH_PATHS = (
					"$(inherited)",
					"@executable_path/Frameworks",
				);
				MARKETING_VERSION = 1.3;
				PRODUCT_BUNDLE_IDENTIFIER = einsteini.LinkedInCompanionApp;
				PRODUCT_NAME = "$(TARGET_NAME)";
				SWIFT_EMIT_LOC_STRINGS = YES;
				SWIFT_VERSION = 5.0;
				TARGETED_DEVICE_FAMILY = "1,2";
			};
			name = Debug;
		};
		CDDABD552E04403C00FC923F /* Release */ = {
			isa = XCBuildConfiguration;
			buildSettings = {
				ASSETCATALOG_COMPILER_APPICON_NAME = AppIcon;
				ASSETCATALOG_COMPILER_GLOBAL_ACCENT_COLOR_NAME = AccentColor;
				ASSETCATALOG_COMPILER_INCLUDE_ALL_APPICON_ASSETS = YES;
				CODE_SIGN_ENTITLEMENTS = LinkedInCompanionApp/LinkedInCompanionApp.entitlements;
				CODE_SIGN_STYLE = Automatic;
				CURRENT_PROJECT_VERSION = 1;
				DEVELOPMENT_ASSET_PATHS = "\"LinkedInCompanionApp/Preview Content\"";
				ENABLE_PREVIEWS = YES;
				GENERATE_INFOPLIST_FILE = YES;
				INFOPLIST_FILE = LinkedInCompanionApp/Info.plist;
				INFOPLIST_KEY_CFBundleDisplayName = einsteini;
				INFOPLIST_KEY_NSMicrophoneUsageDescription = "This app does not use the microphone. This notice is required due to third-party libraries.";
				INFOPLIST_KEY_NSSpeechRecognitionUsageDescription = "This app does not use speech recognition. This notice is required due to third-party libraries.";
				INFOPLIST_KEY_UIApplicationSceneManifest_Generation = YES;
				INFOPLIST_KEY_UIApplicationSupportsIndirectInputEvents = YES;
				INFOPLIST_KEY_UILaunchScreen_Generation = YES;
				INFOPLIST_KEY_UISupportedInterfaceOrientations = "UIInterfaceOrientationLandscapeLeft UIInterfaceOrientationLandscapeRight UIInterfaceOrientationPortrait UIInterfaceOrientationPortraitUpsideDown";
				IPHONEOS_DEPLOYMENT_TARGET = 16.6;
				LD_RUNPATH_SEARCH_PATHS = (
					"$(inherited)",
					"@executable_path/Frameworks",
				);
				MARKETING_VERSION = 1.3;
				PRODUCT_BUNDLE_IDENTIFIER = einsteini.LinkedInCompanionApp;
				PRODUCT_NAME = "$(TARGET_NAME)";
				SWIFT_EMIT_LOC_STRINGS = YES;
				SWIFT_VERSION = 5.0;
				TARGETED_DEVICE_FAMILY = "1,2";
			};
			name = Release;
		};
		CDDABD642E04409300FC923F /* Debug */ = {
			isa = XCBuildConfiguration;
			buildSettings = {
				CODE_SIGN_ENTITLEMENTS = LinkedInKeyboardExtension/LinkedInKeyboardExtension.entitlements;
				CODE_SIGN_STYLE = Automatic;
				CURRENT_PROJECT_VERSION = 1;
				GENERATE_INFOPLIST_FILE = YES;
				INFOPLIST_FILE = LinkedInKeyboardExtension/Info.plist;
				INFOPLIST_KEY_CFBundleDisplayName = "einsteini Keyboard";
				INFOPLIST_KEY_NSHumanReadableCopyright = "";
				INFOPLIST_KEY_NSMicrophoneUsageDescription = "This app does not use the microphone. This notice is required due to third-party libraries.";
				INFOPLIST_KEY_NSSpeechRecognitionUsageDescription = "This app does not use speech recognition. This notice is required due to third-party libraries.";
				IPHONEOS_DEPLOYMENT_TARGET = 16.6;
				LD_RUNPATH_SEARCH_PATHS = (
					"$(inherited)",
					"@executable_path/Frameworks",
					"@executable_path/../../Frameworks",
				);
				MARKETING_VERSION = 1.3;
				PRODUCT_BUNDLE_IDENTIFIER = einsteini.LinkedInCompanionApp.LinkedInKeyboardExtension;
				PRODUCT_NAME = "$(TARGET_NAME)";
				SKIP_INSTALL = YES;
				SWIFT_EMIT_LOC_STRINGS = YES;
				SWIFT_VERSION = 5.0;
				TARGETED_DEVICE_FAMILY = "1,2";
			};
			name = Debug;
		};
		CDDABD652E04409300FC923F /* Release */ = {
			isa = XCBuildConfiguration;
			buildSettings = {
				CODE_SIGN_ENTITLEMENTS = LinkedInKeyboardExtension/LinkedInKeyboardExtension.entitlements;
				CODE_SIGN_STYLE = Automatic;
				CURRENT_PROJECT_VERSION = 1;
				GENERATE_INFOPLIST_FILE = YES;
				INFOPLIST_FILE = LinkedInKeyboardExtension/Info.plist;
				INFOPLIST_KEY_CFBundleDisplayName = "einsteini Keyboard";
				INFOPLIST_KEY_NSHumanReadableCopyright = "";
				INFOPLIST_KEY_NSMicrophoneUsageDescription = "This app does not use the microphone. This notice is required due to third-party libraries.";
				INFOPLIST_KEY_NSSpeechRecognitionUsageDescription = "This app does not use speech recognition. This notice is required due to third-party libraries.";
				IPHONEOS_DEPLOYMENT_TARGET = 16.6;
				LD_RUNPATH_SEARCH_PATHS = (
					"$(inherited)",
					"@executable_path/Frameworks",
					"@executable_path/../../Frameworks",
				);
				MARKETING_VERSION = 1.3;
				PRODUCT_BUNDLE_IDENTIFIER = einsteini.LinkedInCompanionApp.LinkedInKeyboardExtension;
				PRODUCT_NAME = "$(TARGET_NAME)";
				SKIP_INSTALL = YES;
				SWIFT_EMIT_LOC_STRINGS = YES;
				SWIFT_VERSION = 5.0;
				TARGETED_DEVICE_FAMILY = "1,2";
			};
			name = Release;
		};
		CDDABD782E0440CB00FC923F /* Debug */ = {
			isa = XCBuildConfiguration;
			buildSettings = {
				CODE_SIGN_ENTITLEMENTS = LinkedInShareExtension/LinkedInShareExtension.entitlements;
				CODE_SIGN_STYLE = Automatic;
				CURRENT_PROJECT_VERSION = 1;
				GENERATE_INFOPLIST_FILE = YES;
				INFOPLIST_FILE = LinkedInShareExtension/Info.plist;
				INFOPLIST_KEY_CFBundleDisplayName = "einsteini Share";
				INFOPLIST_KEY_NSHumanReadableCopyright = "";
				INFOPLIST_KEY_NSMicrophoneUsageDescription = "This app does not use the microphone. This notice is required due to third-party libraries.";
				INFOPLIST_KEY_NSSpeechRecognitionUsageDescription = "This app does not use speech recognition. This notice is required due to third-party libraries.";
				IPHONEOS_DEPLOYMENT_TARGET = 16.6;
				LD_RUNPATH_SEARCH_PATHS = (
					"$(inherited)",
					"@executable_path/Frameworks",
					"@executable_path/../../Frameworks",
				);
				MARKETING_VERSION = 1.3;
				PRODUCT_BUNDLE_IDENTIFIER = einsteini.LinkedInCompanionApp.LinkedInShareExtension;
				PRODUCT_NAME = "$(TARGET_NAME)";
				SKIP_INSTALL = YES;
				SWIFT_EMIT_LOC_STRINGS = YES;
				SWIFT_VERSION = 5.0;
				TARGETED_DEVICE_FAMILY = "1,2";
			};
			name = Debug;
		};
		CDDABD792E0440CB00FC923F /* Release */ = {
			isa = XCBuildConfiguration;
			buildSettings = {
				CODE_SIGN_ENTITLEMENTS = LinkedInShareExtension/LinkedInShareExtension.entitlements;
				CODE_SIGN_STYLE = Automatic;
				CURRENT_PROJECT_VERSION = 1;
				GENERATE_INFOPLIST_FILE = YES;
				INFOPLIST_FILE = LinkedInShareExtension/Info.plist;
				INFOPLIST_KEY_CFBundleDisplayName = "einsteini Share";
				INFOPLIST_KEY_NSHumanReadableCopyright = "";
				INFOPLIST_KEY_NSMicrophoneUsageDescription = "This app does not use the microphone. This notice is required due to third-party libraries.";
				INFOPLIST_KEY_NSSpeechRecognitionUsageDescription = "This app does not use speech recognition. This notice is required due to third-party libraries.";
				IPHONEOS_DEPLOYMENT_TARGET = 16.6;
				LD_RUNPATH_SEARCH_PATHS = (
					"$(inherited)",
					"@executable_path/Frameworks",
					"@executable_path/../../Frameworks",
				);
				MARKETING_VERSION = 1.3;
				PRODUCT_BUNDLE_IDENTIFIER = einsteini.LinkedInCompanionApp.LinkedInShareExtension;
				PRODUCT_NAME = "$(TARGET_NAME)";
				SKIP_INSTALL = YES;
				SWIFT_EMIT_LOC_STRINGS = YES;
				SWIFT_VERSION = 5.0;
				TARGETED_DEVICE_FAMILY = "1,2";
			};
			name = Release;
		};
/* End XCBuildConfiguration section */

/* Begin XCConfigurationList section */
		CDDABD402E04403B00FC923F /* Build configuration list for PBXProject "LinkedInCompanionApp" */ = {
			isa = XCConfigurationList;
			buildConfigurations = (
				CDDABD512E04403C00FC923F /* Debug */,
				CDDABD522E04403C00FC923F /* Release */,
			);
			defaultConfigurationIsVisible = 0;
			defaultConfigurationName = Release;
		};
		CDDABD532E04403C00FC923F /* Build configuration list for PBXNativeTarget "LinkedInCompanionApp" */ = {
			isa = XCConfigurationList;
			buildConfigurations = (
				CDDABD542E04403C00FC923F /* Debug */,
				CDDABD552E04403C00FC923F /* Release */,
			);
			defaultConfigurationIsVisible = 0;
			defaultConfigurationName = Release;
		};
		CDDABD632E04409300FC923F /* Build configuration list for PBXNativeTarget "LinkedInKeyboardExtension" */ = {
			isa = XCConfigurationList;
			buildConfigurations = (
				CDDABD642E04409300FC923F /* Debug */,
				CDDABD652E04409300FC923F /* Release */,
			);
			defaultConfigurationIsVisible = 0;
			defaultConfigurationName = Release;
		};
		CDDABD772E0440CB00FC923F /* Build configuration list for PBXNativeTarget "LinkedInShareExtension" */ = {
			isa = XCConfigurationList;
			buildConfigurations = (
				CDDABD782E0440CB00FC923F /* Debug */,
				CDDABD792E0440CB00FC923F /* Release */,
			);
			defaultConfigurationIsVisible = 0;
			defaultConfigurationName = Release;
		};
/* End XCConfigurationList section */

/* Begin XCRemoteSwiftPackageReference section */
		CDDDB2B22E0D9C3A00CA0CB8 /* XCRemoteSwiftPackageReference "GoogleSignIn-iOS" */ = {
			isa = XCRemoteSwiftPackageReference;
			repositoryURL = "https://github.com/google/GoogleSignIn-iOS";
			requirement = {
				kind = upToNextMajorVersion;
				minimumVersion = 8.0.0;
			};
		};
/* End XCRemoteSwiftPackageReference section */

/* Begin XCSwiftPackageProductDependency section */
		CDDDB2B42E0D9C4300CA0CB8 /* GoogleSignIn */ = {
			isa = XCSwiftPackageProductDependency;
			package = CDDDB2B22E0D9C3A00CA0CB8 /* XCRemoteSwiftPackageReference "GoogleSignIn-iOS" */;
			productName = GoogleSignIn;
		};
		CDDDB2B62E0D9C4700CA0CB8 /* GoogleSignInSwift */ = {
			isa = XCSwiftPackageProductDependency;
			package = CDDDB2B22E0D9C3A00CA0CB8 /* XCRemoteSwiftPackageReference "GoogleSignIn-iOS" */;
			productName = GoogleSignInSwift;
		};
/* End XCSwiftPackageProductDependency section */
	};
	rootObject = CDDABD3D2E04403B00FC923F /* Project object */;
}
